Microsoft Visual Studio Solution File, Format Version 11.00
# Visual Studio 2010
Project("{FAE04EC0-301F-11D3-BF4B-00C04F79EFBC}") = "WinWebSolution.Module", "WinWebSolution.Module\WinWebSolution.Module.csproj", "{928317A6-FCB1-48D9-BFCC-8394F9722113}"
EndProject
Project("{FAE04EC0-301F-11D3-BF4B-00C04F79EFBC}") = "WinWebSolution.Win", "WinWebSolution.Win\WinWebSolution.Win.csproj", "{83C4388C-358E-4083-B3A1-0912145361E6}"
EndProject
Project("{00000000-0000-0000-0000-000000000000}") = "WinWebSolution.Web", "WinWebSolution.Web\WinWebSolution.Web.csproj", "{6C22666C-8171-4F08-B610-421AAA6DA68C}"
EndProject
Global
	GlobalSection(SolutionConfigurationPlatforms) = preSolution
		Debug|Any CPU = Debug|Any CPU
		EasyTest|Any CPU = EasyTest|Any CPU
		Release|Any CPU = Release|Any CPU
	EndGlobalSection
	GlobalSection(ProjectConfigurationPlatforms) = postSolution
		{928317A6-FCB1-48D9-BFCC-8394F9722113}.Debug|Any CPU.ActiveCfg = Debug|Any CPU
		{928317A6-FCB1-48D9-BFCC-8394F9722113}.Debug|Any CPU.Build.0 = Debug|Any CPU
		{928317A6-FCB1-48D9-BFCC-8394F9722113}.EasyTest|Any CPU.ActiveCfg = Release|Any CPU
		{928317A6-FCB1-48D9-BFCC-8394F9722113}.EasyTest|Any CPU.Build.0 = Release|Any CPU
		{928317A6-FCB1-48D9-BFCC-8394F9722113}.Release|Any CPU.ActiveCfg = Release|Any CPU
		{928317A6-FCB1-48D9-BFCC-8394F9722113}.Release|Any CPU.Build.0 = Release|Any CPU
		{83C4388C-358E-4083-B3A1-0912145361E6}.Debug|Any CPU.ActiveCfg = Debug|Any CPU
		{83C4388C-358E-4083-B3A1-0912145361E6}.Debug|Any CPU.Build.0 = Debug|Any CPU
		{83C4388C-358E-4083-B3A1-0912145361E6}.EasyTest|Any CPU.ActiveCfg = Release|Any CPU
		{83C4388C-358E-4083-B3A1-0912145361E6}.EasyTest|Any CPU.Build.0 = Release|Any CPU
		{83C4388C-358E-4083-B3A1-0912145361E6}.Release|Any CPU.ActiveCfg = Release|Any CPU
		{83C4388C-358E-4083-B3A1-0912145361E6}.Release|Any CPU.Build.0 = Release|Any CPU
		{6C22666C-8171-4F08-B610-421AAA6DA68C}.Debug|Any CPU.ActiveCfg = Debug|Any CPU
		{6C22666C-8171-4F08-B610-421AAA6DA68C}.Debug|Any CPU.Build.0 = Debug|Any CPU
		{6C22666C-8171-4F08-B610-421AAA6DA68C}.EasyTest|Any CPU.ActiveCfg = EasyTest|Any CPU
		{6C22666C-8171-4F08-B610-421AAA6DA68C}.EasyTest|Any CPU.Build.0 = EasyTest|Any CPU
		{6C22666C-8171-4F08-B610-421AAA6DA68C}.Release|Any CPU.ActiveCfg = Release|Any CPU
		{6C22666C-8171-4F08-B610-421AAA6DA68C}.Release|Any CPU.Build.0 = Release|Any CPU
	EndGlobalSection
	GlobalSection(SolutionProperties) = preSolution
		HideSolutionNode = FALSE
	EndGlobalSection
EndGlobal
