
Microsoft Visual Studio Solution File, Format Version 12.00
# Visual Studio Version 17
VisualStudioVersion = 17.1.32421.90
MinimumVisualStudioVersion = 10.0.40219.1
Project("{9A19103F-16F7-4668-BE54-9A1E7A4F7556}") = "AspNetCore.Module", "AspNetCore.Module\AspNetCore.Module.csproj", "{E0D4AAC7-6731-492E-BB1C-10CB94818EC0}"
EndProject
Project("{9A19103F-16F7-4668-BE54-9A1E7A4F7556}") = "AspNetCore.Blazor.Server", "AspNetCore.Blazor.Server\AspNetCore.Blazor.Server.csproj", "{7447F6EF-3F80-445B-A9F5-05926CFE57C3}"
EndProject
Global
	GlobalSection(SolutionConfigurationPlatforms) = preSolution
		Debug|Any CPU = Debug|Any CPU
		EasyTest|Any CPU = EasyTest|Any CPU
		Release|Any CPU = Release|Any CPU
	EndGlobalSection
	GlobalSection(ProjectConfigurationPlatforms) = postSolution
		{E0D4AAC7-6731-492E-BB1C-10CB94818EC0}.Debug|Any CPU.ActiveCfg = Debug|Any CPU
		{E0D4AAC7-6731-492E-BB1C-10CB94818EC0}.Debug|Any CPU.Build.0 = Debug|Any CPU
		{E0D4AAC7-6731-492E-BB1C-10CB94818EC0}.EasyTest|Any CPU.ActiveCfg = EasyTest|Any CPU
		{E0D4AAC7-6731-492E-BB1C-10CB94818EC0}.EasyTest|Any CPU.Build.0 = EasyTest|Any CPU
		{E0D4AAC7-6731-492E-BB1C-10CB94818EC0}.Release|Any CPU.ActiveCfg = Release|Any CPU
		{E0D4AAC7-6731-492E-BB1C-10CB94818EC0}.Release|Any CPU.Build.0 = Release|Any CPU
		{7447F6EF-3F80-445B-A9F5-05926CFE57C3}.Debug|Any CPU.ActiveCfg = Debug|Any CPU
		{7447F6EF-3F80-445B-A9F5-05926CFE57C3}.Debug|Any CPU.Build.0 = Debug|Any CPU
		{7447F6EF-3F80-445B-A9F5-05926CFE57C3}.EasyTest|Any CPU.ActiveCfg = EasyTest|Any CPU
		{7447F6EF-3F80-445B-A9F5-05926CFE57C3}.EasyTest|Any CPU.Build.0 = EasyTest|Any CPU
		{7447F6EF-3F80-445B-A9F5-05926CFE57C3}.Release|Any CPU.ActiveCfg = Release|Any CPU
		{7447F6EF-3F80-445B-A9F5-05926CFE57C3}.Release|Any CPU.Build.0 = Release|Any CPU
	EndGlobalSection
	GlobalSection(SolutionProperties) = preSolution
		HideSolutionNode = FALSE
	EndGlobalSection
	GlobalSection(ExtensibilityGlobals) = postSolution
		SolutionGuid = {0B923420-BEB8-4962-9CB2-86AF88F189D8}
	EndGlobalSection
EndGlobal
